{
  "name": "CST2550-Software-Engineering-Project",
  "lockfileVersion": 3,
  "requires": true,
  "packages": {
    "": {
      "dependencies": {
        "cities.json": "^1.1.50"
      }
    },
    "node_modules/cities.json": {
      "version": "1.1.50",
      "resolved": "https://registry.npmjs.org/cities.json/-/cities.json-1.1.50.tgz",
      "integrity": "sha512-ZsCgxtaSyU66bGSwSUl1PZzP2BHxzwvNkjolxb3HIYmbYsaeq+k3wZt2De16HswQHGHY1agRwpSWenkWeLrzfg=="
    }
  }
}
