Microsoft Visual Studio Solution File, Format Version 12.00
# Visual Studio Version 17
VisualStudioVersion = 17.5.2.0
MinimumVisualStudioVersion = 10.0.40219.1
Project("{FAE04EC0-301F-11D3-BF4B-00C04F79EFBC}") = "CST2550Project", "CST2550Project.csproj", "{F5BEB4E8-6EED-38D3-99C6-926D78FA80F7}"
EndProject
Global
	GlobalSection(SolutionConfigurationPlatforms) = preSolution
		Debug|Any CPU = Debug|Any CPU
		Release|Any CPU = Release|Any CPU
	EndGlobalSection
	GlobalSection(ProjectConfigurationPlatforms) = postSolution
		{F5BEB4E8-6EED-38D3-99C6-926D78FA80F7}.Debug|Any CPU.ActiveCfg = Debug|Any CPU
		{F5BEB4E8-6EED-38D3-99C6-926D78FA80F7}.Debug|Any CPU.Build.0 = Debug|Any CPU
		{F5BEB4E8-6EED-38D3-99C6-926D78FA80F7}.Release|Any CPU.ActiveCfg = Release|Any CPU
		{F5BEB4E8-6EED-38D3-99C6-926D78FA80F7}.Release|Any CPU.Build.0 = Release|Any CPU
	EndGlobalSection
	GlobalSection(SolutionProperties) = preSolution
		HideSolutionNode = FALSE
	EndGlobalSection
	GlobalSection(ExtensibilityGlobals) = postSolution
		SolutionGuid = {21D86C1C-4953-47C5-83EB-25A2E771B7C5}
	EndGlobalSection
EndGlobal
